
Microsoft Visual Studio Solution File, Format Version 12.00
# Visual Studio Version 17
VisualStudioVersion = 17.5.33530.505
MinimumVisualStudioVersion = 10.0.40219.1
Project("{FAE04EC0-301F-11D3-BF4B-00C04F79EFBC}") = "practice", "practice.csproj", "{967950CD-7CB4-4500-B9F1-D1AE5E639467}"
EndProject
Global
	GlobalSection(SolutionConfigurationPlatforms) = preSolution
		Debug|Any CPU = Debug|Any CPU
		Release|Any CPU = Release|Any CPU
	EndGlobalSection
	GlobalSection(ProjectConfigurationPlatforms) = postSolution
		{967950CD-7CB4-4500-B9F1-D1AE5E639467}.Debug|Any CPU.ActiveCfg = Debug|Any CPU
		{967950CD-7CB4-4500-B9F1-D1AE5E639467}.Debug|Any CPU.Build.0 = Debug|Any CPU
		{967950CD-7CB4-4500-B9F1-D1AE5E639467}.Release|Any CPU.ActiveCfg = Release|Any CPU
		{967950CD-7CB4-4500-B9F1-D1AE5E639467}.Release|Any CPU.Build.0 = Release|Any CPU
	EndGlobalSection
	GlobalSection(SolutionProperties) = preSolution
		HideSolutionNode = FALSE
	EndGlobalSection
	GlobalSection(ExtensibilityGlobals) = postSolution
		SolutionGuid = {721F9CAF-A241-4D78-A36A-386C49259373}
	EndGlobalSection
EndGlobal
